
Microsoft Visual Studio Solution File, Format Version 12.00
# Visual Studio Version 17
VisualStudioVersion = 17.8.34525.116
MinimumVisualStudioVersion = 10.0.40219.1
Project("{9A19103F-16F7-4668-BE54-9A1E7A4F7556}") = "Producer", "Producer\Producer.csproj", "{345064AF-818A-44C0-A944-5837FC001153}"
EndProject
Project("{9A19103F-16F7-4668-BE54-9A1E7A4F7556}") = "PaymentConsumer", "PaymentConsumer\PaymentConsumer.csproj", "{34BAA152-0BCA-4195-8EA5-2C8797BA6404}"
EndProject
Project("{9A19103F-16F7-4668-BE54-9A1E7A4F7556}") = "AnalyticsConsumer", "AnalyticsConsumer\AnalyticsConsumer.csproj", "{02A61565-307B-449D-A4E7-E796C67B13E7}"
EndProject
Global
	GlobalSection(SolutionConfigurationPlatforms) = preSolution
		Debug|Any CPU = Debug|Any CPU
		Release|Any CPU = Release|Any CPU
	EndGlobalSection
	GlobalSection(ProjectConfigurationPlatforms) = postSolution
		{345064AF-818A-44C0-A944-5837FC001153}.Debug|Any CPU.ActiveCfg = Debug|Any CPU
		{345064AF-818A-44C0-A944-5837FC001153}.Debug|Any CPU.Build.0 = Debug|Any CPU
		{345064AF-818A-44C0-A944-5837FC001153}.Release|Any CPU.ActiveCfg = Release|Any CPU
		{345064AF-818A-44C0-A944-5837FC001153}.Release|Any CPU.Build.0 = Release|Any CPU
		{34BAA152-0BCA-4195-8EA5-2C8797BA6404}.Debug|Any CPU.ActiveCfg = Debug|Any CPU
		{34BAA152-0BCA-4195-8EA5-2C8797BA6404}.Debug|Any CPU.Build.0 = Debug|Any CPU
		{34BAA152-0BCA-4195-8EA5-2C8797BA6404}.Release|Any CPU.ActiveCfg = Release|Any CPU
		{34BAA152-0BCA-4195-8EA5-2C8797BA6404}.Release|Any CPU.Build.0 = Release|Any CPU
		{02A61565-307B-449D-A4E7-E796C67B13E7}.Debug|Any CPU.ActiveCfg = Debug|Any CPU
		{02A61565-307B-449D-A4E7-E796C67B13E7}.Debug|Any CPU.Build.0 = Debug|Any CPU
		{02A61565-307B-449D-A4E7-E796C67B13E7}.Release|Any CPU.ActiveCfg = Release|Any CPU
		{02A61565-307B-449D-A4E7-E796C67B13E7}.Release|Any CPU.Build.0 = Release|Any CPU
	EndGlobalSection
	GlobalSection(SolutionProperties) = preSolution
		HideSolutionNode = FALSE
	EndGlobalSection
	GlobalSection(ExtensibilityGlobals) = postSolution
		SolutionGuid = {FD6736E1-BF2D-4F93-B2A0-355FF0EBD79E}
	EndGlobalSection
EndGlobal
